
Microsoft Visual Studio Solution File, Format Version 12.00
# Visual Studio Version 16
VisualStudioVersion = 16.0.29609.76
MinimumVisualStudioVersion = 10.0.40219.1
Project("{FAE04EC0-301F-11D3-BF4B-00C04F79EFBC}") = "FauxDatabaseConnector", "FauxDatabaseConnector.csproj", "{AF38BE92-6568-48DB-8BD7-2D8070177853}"
EndProject
Global
	GlobalSection(SolutionConfigurationPlatforms) = preSolution
		Debug|Any CPU = Debug|Any CPU
		Release|Any CPU = Release|Any CPU
	EndGlobalSection
	GlobalSection(ProjectConfigurationPlatforms) = postSolution
		{AF38BE92-6568-48DB-8BD7-2D8070177853}.Debug|Any CPU.ActiveCfg = Debug|Any CPU
		{AF38BE92-6568-48DB-8BD7-2D8070177853}.Debug|Any CPU.Build.0 = Debug|Any CPU
		{AF38BE92-6568-48DB-8BD7-2D8070177853}.Release|Any CPU.ActiveCfg = Release|Any CPU
		{AF38BE92-6568-48DB-8BD7-2D8070177853}.Release|Any CPU.Build.0 = Release|Any CPU
	EndGlobalSection
	GlobalSection(SolutionProperties) = preSolution
		HideSolutionNode = FALSE
	EndGlobalSection
	GlobalSection(ExtensibilityGlobals) = postSolution
		SolutionGuid = {B9D9BEAD-6E2B-4725-84F1-D5AF6D2135FA}
	EndGlobalSection
EndGlobal
